
Microsoft Visual Studio Solution File, Format Version 12.00
# Visual Studio Version 17
VisualStudioVersion = 17.5.33103.201
MinimumVisualStudioVersion = 10.0.40219.1
Project("{FAE04EC0-301F-11D3-BF4B-00C04F79EFBC}") = "TalosSoundBoardServer", "TalosSoundBoardServer\TalosSoundBoardServer.csproj", "{5EAADFB4-2FD1-40AC-816B-25F5BC5B84A4}"
EndProject
Project("{2150E333-8FDC-42A3-9474-1A3956D46DE8}") = "Solution Items", "Solution Items", "{17146A46-D78F-4617-A3C3-57AA877F7B6F}"
	ProjectSection(SolutionItems) = preProject
		.gitignore = .gitignore
	EndProjectSection
EndProject
Global
	GlobalSection(SolutionConfigurationPlatforms) = preSolution
		Debug|Any CPU = Debug|Any CPU
		Release|Any CPU = Release|Any CPU
	EndGlobalSection
	GlobalSection(ProjectConfigurationPlatforms) = postSolution
		{5EAADFB4-2FD1-40AC-816B-25F5BC5B84A4}.Debug|Any CPU.ActiveCfg = Debug|Any CPU
		{5EAADFB4-2FD1-40AC-816B-25F5BC5B84A4}.Debug|Any CPU.Build.0 = Debug|Any CPU
		{5EAADFB4-2FD1-40AC-816B-25F5BC5B84A4}.Release|Any CPU.ActiveCfg = Release|Any CPU
		{5EAADFB4-2FD1-40AC-816B-25F5BC5B84A4}.Release|Any CPU.Build.0 = Release|Any CPU
	EndGlobalSection
	GlobalSection(SolutionProperties) = preSolution
		HideSolutionNode = FALSE
	EndGlobalSection
	GlobalSection(ExtensibilityGlobals) = postSolution
		SolutionGuid = {A20D6256-E0F4-4A12-B795-B57744420CAC}
	EndGlobalSection
EndGlobal
